<?xml version="1.0" encoding="UTF-8" standalone="yes" ?>
<CodeBlocks_project_file>
	<FileVersion major="1" minor="6" />
	<Project>
		<Option title="GNR" />
		<Option pch_mode="2" />
		<Option compiler="gcc" />
		<Build>
			<Target title="Debug">
				<Option output="bin\Debug\GNR" prefix_auto="1" extension_auto="1" />
				<Option object_output="obj\Debug\" />
				<Option type="0" />
				<Option compiler="gcc" />
				<Option projectLinkerOptionsRelation="2" />
				<Compiler>
					<Add option="-Wall" />
					<Add option="-g" />
					<Add option="-D__WXDEBUG__" />
					<Add option="-D__ATHOS_DEBUG__" />
					<Add directory="$(#wx)\lib\gcc_lib\mswud" />
				</Compiler>
				<ResourceCompiler>
					<Add directory="$(#wx)\lib\gcc_lib\mswud" />
				</ResourceCompiler>
				<Linker>
					<Add library="libwxmsw28ud_core.a" />
					<Add library="libwxbase28ud.a" />
					<Add library="libwxpngd.a" />
					<Add library="libwxzlibd.a" />
					<Add library="libwxjpegd.a" />
					<Add library="libwxtiffd.a" />
					<Add library="libwxmsw28ud_gl.a" />
					<Add library="libwxbase28ud_xml.a" />
					<Add library="libwxexpatd.a" />
					<Add library="libwxmsw28ud_adv.a" />
					<Add directory="$(#wx)\lib\gcc_lib" />
				</Linker>
			</Target>
			<Target title="Release">
				<Option output="bin\Release\GNR" prefix_auto="1" extension_auto="1" />
				<Option object_output="obj\Release\" />
				<Option type="0" />
				<Option compiler="gcc" />
				<Option projectLinkerOptionsRelation="2" />
				<Compiler>
					<Add option="-O2" />
					<Add option="-Wall" />
					<Add directory="$(#wx)\lib\gcc_lib\mswu" />
				</Compiler>
				<ResourceCompiler>
					<Add directory="$(#wx)\lib\gcc_lib\mswu" />
				</ResourceCompiler>
				<Linker>
					<Add option="-s" />
					<Add library="libwxmsw28u_core.a" />
					<Add library="libwxbase28u.a" />
					<Add library="libwxpng.a" />
					<Add library="libwxzlib.a" />
					<Add library="libwxtiff.a" />
					<Add library="libwxjpeg.a" />
					<Add library="libwxmsw28u_gl.a" />
					<Add library="libwxbase28u_xml.a" />
					<Add library="libwxexpat.a" />
					<Add library="libwxmsw28u_adv.a" />
					<Add directory="$(#wx)\lib\gcc_lib" />
				</Linker>
			</Target>
		</Build>
		<Compiler>
			<Add option="-Wall" />
			<Add option="-pipe" />
			<Add option="-mthreads" />
			<Add option="-finput-charset=iso-8859-1" />
			<Add option='[[if (PLATFORM == PLATFORM_MSW &amp;&amp; (GetCompilerFactory().GetCompilerVersionString(_T(&quot;gcc&quot;)) &gt;= _T(&quot;4.0.0&quot;))) print(_T(&quot;-Wno-attributes&quot;));]]' />
			<Add option="-D__GNUWIN32__" />
			<Add option="-D__WXMSW__" />
			<Add option="-DwxUSE_UNICODE" />
			<Add directory="$(#wx)\include" />
			<Add directory="$(#wx)\contrib\include" />
			<Add directory="src\include" />
		</Compiler>
		<ResourceCompiler>
			<Add directory="$(#wx)\include" />
		</ResourceCompiler>
		<Linker>
			<Add library="libkernel32.a" />
			<Add library="libuser32.a" />
			<Add library="libgdi32.a" />
			<Add library="libwinspool.a" />
			<Add library="libcomdlg32.a" />
			<Add library="libadvapi32.a" />
			<Add library="libshell32.a" />
			<Add library="libole32.a" />
			<Add library="liboleaut32.a" />
			<Add library="libuuid.a" />
			<Add library="libcomctl32.a" />
			<Add library="libwsock32.a" />
			<Add library="libodbc32.a" />
			<Add library="libopengl32.a" />
			<Add library="libglu32.a" />
		</Linker>
		<Unit filename="src\GNRApp.cpp" />
		<Unit filename="src\GNRAssembly.cpp" />
		<Unit filename="src\GNRAssemblyMediator.cpp" />
		<Unit filename="src\GNRAssemblyMediator2D.cpp" />
		<Unit filename="src\GNRAssemblyMediator3D.cpp" />
		<Unit filename="src\GNRCommandAssembly.cpp" />
		<Unit filename="src\GNRCreatePrimitiveEvent.cpp" />
		<Unit filename="src\GNRDebugFrame.cpp" />
		<Unit filename="src\GNRFace.cpp" />
		<Unit filename="src\GNRGLCamera.cpp" />
		<Unit filename="src\GNRGLCameraMediator.cpp" />
		<Unit filename="src\GNRGLCameraMediator2D.cpp" />
		<Unit filename="src\GNRGLCameraMediator3D.cpp" />
		<Unit filename="src\GNRGLCanvas.cpp" />
		<Unit filename="src\GNRGLCanvas2D.cpp" />
		<Unit filename="src\GNRGLCanvas3D.cpp" />
		<Unit filename="src\GNRGLCanvasPreview.cpp" />
		<Unit filename="src\GNRGLNotifyEvent.cpp" />
		<Unit filename="src\GNRGLScreenshot.cpp" />
		<Unit filename="src\GNRHelpFrame.cpp" />
		<Unit filename="src\GNRImportFile.cpp" />
		<Unit filename="src\GNRLineDrawEvent.cpp" />
		<Unit filename="src\GNRMainFrame.cpp" />
		<Unit filename="src\GNRMaterial.cpp" />
		<Unit filename="src\GNRMaterialLibrary.cpp" />
		<Unit filename="src\GNRMediator.cpp" />
		<Unit filename="src\GNRMouseController.cpp" />
		<Unit filename="src\GNRNotifyEvent.cpp" />
		<Unit filename="src\GNROaxExport.cpp" />
		<Unit filename="src\GNROaxImport.cpp" />
		<Unit filename="src\GNRObjOaxConverter.cpp" />
		<Unit filename="src\GNRObjOaxConverterFrame.cpp" />
		<Unit filename="src\GNRObjectImport.cpp" />
		<Unit filename="src\GNROpxExport.cpp" />
		<Unit filename="src\GNROpxImport.cpp" />
		<Unit filename="src\GNRPrimitiveCreator.cpp" />
		<Unit filename="src\GNRScene.cpp" />
		<Unit filename="src\GNRTCoord.cpp" />
		<Unit filename="src\GNRTreeLibraryController.cpp" />
		<Unit filename="src\GNRTreePanelLibrary.cpp" />
		<Unit filename="src\GNRTreePanelMyScene.cpp" />
		<Unit filename="src\GNRTreeSceneController.cpp" />
		<Unit filename="src\GNRUndoRedo.cpp" />
		<Unit filename="src\GNRVNT.cpp" />
		<Unit filename="src\GNRVertex.cpp" />
		<Unit filename="src\GNRWallMediator.cpp" />
		<Unit filename="src\include\GNRApp.h" />
		<Unit filename="src\include\GNRAssembly.h" />
		<Unit filename="src\include\GNRAssemblyData.h" />
		<Unit filename="src\include\GNRAssemblyMediator.h" />
		<Unit filename="src\include\GNRAssemblyMediator2D.h" />
		<Unit filename="src\include\GNRAssemblyMediator3D.h" />
		<Unit filename="src\include\GNRCommand.h" />
		<Unit filename="src\include\GNRCommandAssembly.h" />
		<Unit filename="src\include\GNRCreatePrimitiveEvent.h" />
		<Unit filename="src\include\GNRDebugFrame.h" />
		<Unit filename="src\include\GNREnum.h" />
		<Unit filename="src\include\GNRExportFile.h" />
		<Unit filename="src\include\GNRFace.h" />
		<Unit filename="src\include\GNRGLCamera.h" />
		<Unit filename="src\include\GNRGLCameraMediator.h" />
		<Unit filename="src\include\GNRGLCameraMediator2D.h" />
		<Unit filename="src\include\GNRGLCameraMediator3D.h" />
		<Unit filename="src\include\GNRGLCanvas.h" />
		<Unit filename="src\include\GNRGLCanvas2D.h" />
		<Unit filename="src\include\GNRGLCanvas3D.h" />
		<Unit filename="src\include\GNRGLCanvasPreview.h" />
		<Unit filename="src\include\GNRGLNotifyEvent.h" />
		<Unit filename="src\include\GNRGLScreenshot.h" />
		<Unit filename="src\include\GNRGlobalDefine.h" />
		<Unit filename="src\include\GNRHelpFrame.h" />
		<Unit filename="src\include\GNRImportFile.h" />
		<Unit filename="src\include\GNRLineDrawEvent.h" />
		<Unit filename="src\include\GNRMainFrame.h" />
		<Unit filename="src\include\GNRMaterial.h" />
		<Unit filename="src\include\GNRMaterialLibrary.h" />
		<Unit filename="src\include\GNRMediator.h" />
		<Unit filename="src\include\GNRMouseController.h" />
		<Unit filename="src\include\GNRNotifyEvent.h" />
		<Unit filename="src\include\GNROaxExport.h" />
		<Unit filename="src\include\GNROaxImport.h" />
		<Unit filename="src\include\GNRObjOaxConverter.h" />
		<Unit filename="src\include\GNRObjOaxConverterFrame.h" />
		<Unit filename="src\include\GNRObjectImport.h" />
		<Unit filename="src\include\GNROpxExport.h" />
		<Unit filename="src\include\GNROpxImport.h" />
		<Unit filename="src\include\GNRPrimitiveCreator.h" />
		<Unit filename="src\include\GNRScene.h" />
		<Unit filename="src\include\GNRTCoord.h" />
		<Unit filename="src\include\GNRTreeLibraryController.h" />
		<Unit filename="src\include\GNRTreePanelLibrary.h" />
		<Unit filename="src\include\GNRTreePanelMyScene.h" />
		<Unit filename="src\include\GNRTreeSceneController.h" />
		<Unit filename="src\include\GNRUndoRedo.h" />
		<Unit filename="src\include\GNRVNT.h" />
		<Unit filename="src\include\GNRVertex.h" />
		<Unit filename="src\include\GNRWallMediator.h" />
		<Unit filename="src\include\md5.h" />
		<Unit filename="src\md5.cpp" />
		<Unit filename="src\resources\button-canvas2d-zoom-fit.xpm" />
		<Unit filename="src\resources\button-canvas2d-zoom-in.xpm" />
		<Unit filename="src\resources\button-canvas2d-zoom-out.xpm" />
		<Unit filename="src\resources\button-delete.xpm" />
		<Unit filename="src\resources\button-draw-cube.xpm" />
		<Unit filename="src\resources\button-draw-cylinder.xpm" />
		<Unit filename="src\resources\button-draw-walls.xpm" />
		<Unit filename="src\resources\button-exit.xpm" />
		<Unit filename="src\resources\button-group-add.xpm" />
		<Unit filename="src\resources\button-help-bulb.xpm" />
		<Unit filename="src\resources\button-move-xy.xpm" />
		<Unit filename="src\resources\button-move-xz.xpm" />
		<Unit filename="src\resources\button-move.xpm" />
		<Unit filename="src\resources\button-redo.xpm" />
		<Unit filename="src\resources\button-reset-camera.xpm" />
		<Unit filename="src\resources\button-room-export.xpm" />
		<Unit filename="src\resources\button-room-new.xpm" />
		<Unit filename="src\resources\button-room-open.xpm" />
		<Unit filename="src\resources\button-room-save-as.xpm" />
		<Unit filename="src\resources\button-room-save.xpm" />
		<Unit filename="src\resources\button-snap-to-grid.xpm" />
		<Unit filename="src\resources\button-undo.xpm" />
		<Unit filename="src\resources\button-world-rotate-xy.xpm" />
		<Unit filename="src\resources\button-world-rotate-xz.xpm" />
		<Unit filename="src\resources\button-world-sphere.xpm" />
		<Unit filename="src\resources\button_screenshot.xpm" />
		<Unit filename="src\resources\cube.xpm" />
		<Unit filename="src\resources\grid_24bit_rgb.xpm" />
		<Unit filename="src\resources\grid_dummy_24bit_rgb.xpm" />
		<Unit filename="src\resources\please-wait.xpm" />
		<Unit filename="src\resources\resource.rc">
			<Option compilerVar="WINDRES" />
		</Unit>
		<Unit filename="wxsmith\GNRDebugFrame.wxs" />
		<Unit filename="wxsmith\GNRHelpFrame.wxs" />
		<Unit filename="wxsmith\GNRMainFrame.wxs" />
		<Extensions>
			<code_completion />
			<envvars />
			<debugger />
			<lib_finder disable_auto="1" />
			<wxsmith version="1">
				<gui name="wxWidgets" src="src\GNRApp.cpp" main="GNRFrame" init_handlers="necessary" language="CPP" />
				<resources>
					<wxFrame wxs="wxsmith/GNRMainFrame.wxs" src="src\GNRMainFrame.cpp" hdr="src\include\GNRMainFrame.h" name="GNRMainFrame" language="CPP" />
					<wxFrame wxs="wxsmith/GNRDebugFrame.wxs" src="src\GNRDebugFrame.cpp" hdr="src\include\GNRDebugFrame.h" name="GNRDebugFrame" language="CPP" />
					<wxFrame wxs="wxsmith/GNRHelpFrame.wxs" src="src/GNRHelpFrame.cpp" hdr="src/include/GNRHelpFrame.h" name="GNRHelpFrame" language="CPP" />
				</resources>
			</wxsmith>
		</Extensions>
	</Project>
</CodeBlocks_project_file>
