<?xml version="1.0" encoding="UTF-8" standalone="yes" ?>
<CodeBlocks_project_file>
	<FileVersion major="1" minor="6" />
	<Project>
		<Option title="GNR" />
		<Option pch_mode="2" />
		<Option compiler="gcc" />
		<Build>
			<Target title="Debug">
				<Option output="bin\Debug\GNR" prefix_auto="1" extension_auto="1" />
				<Option object_output="obj\Debug\" />
				<Option type="0" />
				<Option compiler="gcc" />
				<Option projectLinkerOptionsRelation="2" />
				<Compiler>
					<Add option="-Wall" />
					<Add option="-g" />
					<Add option="-D__WXDEBUG__" />
					<Add option="-D__ATHOS_DEBUG__" />
					<Add option="-DDETECT_LEAKS" />
					<Add directory="$(#wx)\lib\gcc_lib\mswud" />
				</Compiler>
				<ResourceCompiler>
					<Add directory="$(#wx)\lib\gcc_lib\mswud" />
				</ResourceCompiler>
				<Linker>
					<Add library="libwxmsw28ud_html.a" />
					<Add library="libwxmsw28ud_core.a" />
					<Add library="libwxbase28ud.a" />
					<Add library="libwxpngd.a" />
					<Add library="libwxzlibd.a" />
					<Add library="libwxjpegd.a" />
					<Add library="libwxtiffd.a" />
					<Add library="libwxmsw28ud_gl.a" />
					<Add library="libwxbase28ud_xml.a" />
					<Add library="libwxexpatd.a" />
					<Add library="libwxmsw28ud_adv.a" />
					<Add directory="$(#wx)\lib\gcc_lib" />
				</Linker>
			</Target>
			<Target title="Release">
				<Option output="bin\Release\GNR" prefix_auto="1" extension_auto="1" />
				<Option object_output="obj\Release\" />
				<Option type="0" />
				<Option compiler="gcc" />
				<Option projectLinkerOptionsRelation="2" />
				<Compiler>
					<Add option="-O2" />
					<Add option="-Wall" />
					<Add directory="$(#wx)\lib\gcc_lib\mswu" />
				</Compiler>
				<ResourceCompiler>
					<Add directory="$(#wx)\lib\gcc_lib\mswu" />
				</ResourceCompiler>
				<Linker>
					<Add option="-s" />
					<Add library="libwxmsw28u_html.a" />
					<Add library="libwxmsw28u_core.a" />
					<Add library="libwxbase28u.a" />
					<Add library="libwxpng.a" />
					<Add library="libwxzlib.a" />
					<Add library="libwxtiff.a" />
					<Add library="libwxjpeg.a" />
					<Add library="libwxmsw28u_gl.a" />
					<Add library="libwxbase28u_xml.a" />
					<Add library="libwxexpat.a" />
					<Add library="libwxmsw28u_adv.a" />
					<Add directory="$(#wx)\lib\gcc_lib" />
				</Linker>
			</Target>
		</Build>
		<Compiler>
			<Add option="-Wall" />
			<Add option="-pipe" />
			<Add option="-mthreads" />
			<Add option="-finput-charset=iso-8859-1" />
			<Add option='[[if (PLATFORM == PLATFORM_MSW &amp;&amp; (GetCompilerFactory().GetCompilerVersionString(_T(&quot;gcc&quot;)) &gt;= _T(&quot;4.0.0&quot;))) print(_T(&quot;-Wno-attributes&quot;));]]' />
			<Add option="-D__GNUWIN32__" />
			<Add option="-D__WXMSW__" />
			<Add option="-DwxUSE_UNICODE" />
			<Add directory="$(#wx)\include" />
			<Add directory="$(#wx)\contrib\include" />
			<Add directory="src\include" />
		</Compiler>
		<ResourceCompiler>
			<Add directory="$(#wx)\include" />
		</ResourceCompiler>
		<Linker>
			<Add library="libkernel32.a" />
			<Add library="libuser32.a" />
			<Add library="libgdi32.a" />
			<Add library="libwinspool.a" />
			<Add library="libcomdlg32.a" />
			<Add library="libadvapi32.a" />
			<Add library="libshell32.a" />
			<Add library="libole32.a" />
			<Add library="liboleaut32.a" />
			<Add library="libuuid.a" />
			<Add library="libcomctl32.a" />
			<Add library="libwsock32.a" />
			<Add library="libodbc32.a" />
			<Add library="libopengl32.a" />
			<Add library="libglu32.a" />
		</Linker>
		<Unit filename="src\App.cpp" />
		<Unit filename="src\Assembly.cpp" />
		<Unit filename="src\AssemblyDataFrame.cpp" />
		<Unit filename="src\AssemblyMediator.cpp" />
		<Unit filename="src\AssemblyMediator2D.cpp" />
		<Unit filename="src\AssemblyMediator3D.cpp" />
		<Unit filename="src\CommandTransform.cpp" />
		<Unit filename="src\CreateCuboidFrame.cpp" />
		<Unit filename="src\CreatePrimitiveEvent.cpp" />
		<Unit filename="src\DebugFrame.cpp">
			<Option target="Debug" />
		</Unit>
		<Unit filename="src\Face.cpp" />
		<Unit filename="src\GLCamera.cpp" />
		<Unit filename="src\GLCameraMediator.cpp" />
		<Unit filename="src\GLCameraMediator2D.cpp" />
		<Unit filename="src\GLCameraMediator3D.cpp" />
		<Unit filename="src\GLCanvas.cpp" />
		<Unit filename="src\GLCanvas2D.cpp" />
		<Unit filename="src\GLCanvas3D.cpp" />
		<Unit filename="src\GLCanvasPreview.cpp" />
		<Unit filename="src\GLNotifyEvent.cpp" />
		<Unit filename="src\GLScreenshot.cpp" />
		<Unit filename="src\HelpFrame.cpp" />
		<Unit filename="src\ImportFile.cpp" />
		<Unit filename="src\Library.cpp" />
		<Unit filename="src\LibraryCategory.cpp" />
		<Unit filename="src\LibraryEntry.cpp" />
		<Unit filename="src\LineDrawEvent.cpp" />
		<Unit filename="src\MainFrame.cpp" />
		<Unit filename="src\Material.cpp" />
		<Unit filename="src\MaterialLibrary.cpp" />
		<Unit filename="src\Mediator.cpp" />
		<Unit filename="src\MouseController.cpp" />
		<Unit filename="src\NotifyEvent.cpp" />
		<Unit filename="src\OaxExport.cpp" />
		<Unit filename="src\OaxImport.cpp" />
		<Unit filename="src\ObjOaxConverter.cpp" />
		<Unit filename="src\ObjOaxConverterFrame.cpp" />
		<Unit filename="src\ObjectImport.cpp" />
		<Unit filename="src\OpxExport.cpp" />
		<Unit filename="src\OpxImport.cpp" />
		<Unit filename="src\PrimitiveCreator.cpp" />
		<Unit filename="src\ProgressFrame.cpp" />
		<Unit filename="src\Scene.cpp" />
		<Unit filename="src\TCoord.cpp" />
		<Unit filename="src\Tests.cpp" />
		<Unit filename="src\TreeControlEvent.cpp" />
		<Unit filename="src\TreeLibraryController.cpp" />
		<Unit filename="src\TreeLibraryCtrl.cpp" />
		<Unit filename="src\TreeLibraryItemData.cpp" />
		<Unit filename="src\TreePanelLibrary.cpp" />
		<Unit filename="src\TreePanelMyScene.cpp" />
		<Unit filename="src\TreeSceneController.cpp" />
		<Unit filename="src\TreeSceneCtrl.cpp" />
		<Unit filename="src\TreeSceneItemData.cpp" />
		<Unit filename="src\UndoRedo.cpp" />
		<Unit filename="src\VNT.cpp" />
		<Unit filename="src\Vertex.cpp" />
		<Unit filename="src\WallMediator.cpp" />
		<Unit filename="src\include\App.h" />
		<Unit filename="src\include\Assembly.h" />
		<Unit filename="src\include\AssemblyData.h" />
		<Unit filename="src\include\AssemblyDataFrame.h" />
		<Unit filename="src\include\AssemblyMediator.h" />
		<Unit filename="src\include\AssemblyMediator2D.h" />
		<Unit filename="src\include\AssemblyMediator3D.h" />
		<Unit filename="src\include\Command.h" />
		<Unit filename="src\include\CommandTransform.h" />
		<Unit filename="src\include\CreateCuboidFrame.h" />
		<Unit filename="src\include\CreatePrimitiveEvent.h" />
		<Unit filename="src\include\DebugFrame.h">
			<Option target="Debug" />
		</Unit>
		<Unit filename="src\include\Enum.h" />
		<Unit filename="src\include\ExportFile.h" />
		<Unit filename="src\include\Face.h" />
		<Unit filename="src\include\GLCamera.h" />
		<Unit filename="src\include\GLCameraMediator.h" />
		<Unit filename="src\include\GLCameraMediator2D.h" />
		<Unit filename="src\include\GLCameraMediator3D.h" />
		<Unit filename="src\include\GLCanvas.h" />
		<Unit filename="src\include\GLCanvas2D.h" />
		<Unit filename="src\include\GLCanvas3D.h" />
		<Unit filename="src\include\GLCanvasPreview.h" />
		<Unit filename="src\include\GLNotifyEvent.h" />
		<Unit filename="src\include\GLScreenshot.h" />
		<Unit filename="src\include\GlobalDefine.h" />
		<Unit filename="src\include\GridRowData.h" />
		<Unit filename="src\include\GridSceneController.h" />
		<Unit filename="src\include\GridTable.h" />
		<Unit filename="src\include\HelpFrame.h" />
		<Unit filename="src\include\ImportFile.h" />
		<Unit filename="src\include\Library.h" />
		<Unit filename="src\include\LibraryCategory.h" />
		<Unit filename="src\include\LibraryEntry.h" />
		<Unit filename="src\include\LineDrawEvent.h" />
		<Unit filename="src\include\MainFrame.h" />
		<Unit filename="src\include\Material.h" />
		<Unit filename="src\include\MaterialLibrary.h" />
		<Unit filename="src\include\Mediator.h" />
		<Unit filename="src\include\MouseController.h" />
		<Unit filename="src\include\NotifyEvent.h" />
		<Unit filename="src\include\OaxExport.h" />
		<Unit filename="src\include\OaxImport.h" />
		<Unit filename="src\include\ObjOaxConverter.h" />
		<Unit filename="src\include\ObjOaxConverterFrame.h" />
		<Unit filename="src\include\ObjectImport.h" />
		<Unit filename="src\include\OpxExport.h" />
		<Unit filename="src\include\OpxImport.h" />
		<Unit filename="src\include\PrimitiveCreator.h" />
		<Unit filename="src\include\ProgressFrame.h" />
		<Unit filename="src\include\Scene.h" />
		<Unit filename="src\include\TCoord.h" />
		<Unit filename="src\include\Tests.h" />
		<Unit filename="src\include\TreeControlEvent.h" />
		<Unit filename="src\include\TreeLibraryController.h" />
		<Unit filename="src\include\TreeLibraryCtrl.h" />
		<Unit filename="src\include\TreeLibraryItemData.h" />
		<Unit filename="src\include\TreePanelLibrary.h" />
		<Unit filename="src\include\TreePanelMyScene.h" />
		<Unit filename="src\include\TreeSceneController.h" />
		<Unit filename="src\include\TreeSceneCtrl.h" />
		<Unit filename="src\include\TreeSceneItemData.h" />
		<Unit filename="src\include\UndoRedo.h" />
		<Unit filename="src\include\VNT.h" />
		<Unit filename="src\include\Vertex.h" />
		<Unit filename="src\include\WallMediator.h" />
		<Unit filename="src\include\md5.h" />
		<Unit filename="src\md5.cpp" />
		<Unit filename="src\resources\button-canvas2d-zoom-fit.xpm" />
		<Unit filename="src\resources\button-canvas2d-zoom-in.xpm" />
		<Unit filename="src\resources\button-canvas2d-zoom-out.xpm" />
		<Unit filename="src\resources\button-delete.xpm" />
		<Unit filename="src\resources\button-draw-cube.xpm" />
		<Unit filename="src\resources\button-draw-cylinder.xpm" />
		<Unit filename="src\resources\button-draw-walls.xpm" />
		<Unit filename="src\resources\button-exit.xpm" />
		<Unit filename="src\resources\button-move-xy.xpm" />
		<Unit filename="src\resources\button-move-xz.xpm" />
		<Unit filename="src\resources\button-redo.xpm" />
		<Unit filename="src\resources\button-reset-object.xpm" />
		<Unit filename="src\resources\button-room-new.xpm" />
		<Unit filename="src\resources\button-room-open.xpm" />
		<Unit filename="src\resources\button-room-save.xpm" />
		<Unit filename="src\resources\button-ruler.xpm" />
		<Unit filename="src\resources\button-snap-to-grid.xpm" />
		<Unit filename="src\resources\button-undo.xpm" />
		<Unit filename="src\resources\button-world-rotate-xy.xpm" />
		<Unit filename="src\resources\button-world-rotate-xz.xpm" />
		<Unit filename="src\resources\gnr_icon.ico" />
		<Unit filename="src\resources\gnr_icon.xpm" />
		<Unit filename="src\resources\gnr_icon_48.ico" />
		<Unit filename="src\resources\gnr_icon_48.xpm" />
		<Unit filename="src\resources\gnr_icon_64.ico" />
		<Unit filename="src\resources\gnr_icon_64.xpm" />
		<Unit filename="src\resources\grid_24bit_rgb.xpm" />
		<Unit filename="src\resources\icon_library_assembly.xpm" />
		<Unit filename="src\resources\icon_library_container.xpm" />
		<Unit filename="src\resources\icon_library_folder.xpm" />
		<Unit filename="src\resources\icon_library_root.xpm" />
		<Unit filename="src\resources\icon_library_scene.xpm" />
		<Unit filename="src\resources\icon_library_trash.xpm" />
		<Unit filename="src\resources\please-wait.xpm" />
		<Unit filename="src\resources\resource.rc">
			<Option compilerVar="WINDRES" />
		</Unit>
		<Unit filename="wxsmith\CreateCuboidFrame.wxs" />
		<Extensions>
			<code_completion />
			<envvars />
			<debugger />
			<lib_finder disable_auto="1" />
			<wxsmith version="1">
				<gui name="wxWidgets" src="src\GNRApp.cpp" main="GNRFrame" init_handlers="necessary" language="CPP" />
				<resources>
					<wxFrame wxs="wxsmith/GNRMainFrame.wxs" src="src\GNRMainFrame.cpp" hdr="src\include\GNRMainFrame.h" name="GNRMainFrame" language="CPP" />
					<wxFrame wxs="wxsmith/GNRDebugFrame.wxs" src="src\GNRDebugFrame.cpp" hdr="src\include\GNRDebugFrame.h" name="GNRDebugFrame" language="CPP" />
					<wxFrame wxs="wxsmith/GNRHelpFrame.wxs" src="src/GNRHelpFrame.cpp" hdr="src/include/GNRHelpFrame.h" name="GNRHelpFrame" language="CPP" />
					<wxFrame wxs="wxsmith/GNRAssemblyDataFrame.wxs" src=".\src\GNRAssemblyDataFrame.cpp" hdr=".\src\include\GNRAssemblyDataFrame.h" name="GNRAssemblyDataFrame" language="CPP" />
					<wxFrame wxs="wxsmith/CreateCuboidFrame.wxs" src=".\src\CreateCuboidFrame.cpp" hdr=".\src\include\CreateCuboidFrame.h" name="CreateCuboidFrame" language="CPP" />
				</resources>
			</wxsmith>
		</Extensions>
	</Project>
</CodeBlocks_project_file>
